
Microsoft Visual Studio Solution File, Format Version 12.00
# Visual Studio Version 17
VisualStudioVersion = 17.14.36623.8 d17.14
MinimumVisualStudioVersion = 10.0.40219.1
Project("{FAE04EC0-301F-11D3-BF4B-00C04F79EFBC}") = "01. Count Real Numbers", "01. Count Real Numbers\01. Count Real Numbers.csproj", "{56FEA84E-203D-486C-B337-F6E312A717FC}"
EndProject
Global
	GlobalSection(SolutionConfigurationPlatforms) = preSolution
		Debug|Any CPU = Debug|Any CPU
		Release|Any CPU = Release|Any CPU
	EndGlobalSection
	GlobalSection(ProjectConfigurationPlatforms) = postSolution
		{56FEA84E-203D-486C-B337-F6E312A717FC}.Debug|Any CPU.ActiveCfg = Debug|Any CPU
		{56FEA84E-203D-486C-B337-F6E312A717FC}.Debug|Any CPU.Build.0 = Debug|Any CPU
		{56FEA84E-203D-486C-B337-F6E312A717FC}.Release|Any CPU.ActiveCfg = Release|Any CPU
		{56FEA84E-203D-486C-B337-F6E312A717FC}.Release|Any CPU.Build.0 = Release|Any CPU
	EndGlobalSection
	GlobalSection(SolutionProperties) = preSolution
		HideSolutionNode = FALSE
	EndGlobalSection
	GlobalSection(ExtensibilityGlobals) = postSolution
		SolutionGuid = {53F2010B-96DD-4F54-A2D3-A2EA4E70D2A7}
	EndGlobalSection
EndGlobal
