
Microsoft Visual Studio Solution File, Format Version 12.00
# Visual Studio Version 17
VisualStudioVersion = 17.14.36623.8
MinimumVisualStudioVersion = 10.0.40219.1
Project("{FAE04EC0-301F-11D3-BF4B-00C04F79EFBC}") = "01. Count Real Numbers", "01. Count Real Numbers\01. Count Real Numbers.csproj", "{56FEA84E-203D-486C-B337-F6E312A717FC}"
EndProject
Project("{FAE04EC0-301F-11D3-BF4B-00C04F79EFBC}") = "02. Odd Occurrences", "02. Odd Occurrences\02. Odd Occurrences.csproj", "{53DEFFC6-34F7-4335-8F8F-F75CE89D9378}"
EndProject
Project("{FAE04EC0-301F-11D3-BF4B-00C04F79EFBC}") = "05. Count Chars in a String", "05. Count Chars in a String\05. Count Chars in a String.csproj", "{948D2123-0359-4D5F-91C4-8D4A47824935}"
EndProject
Project("{FAE04EC0-301F-11D3-BF4B-00C04F79EFBC}") = "03. Word Synonyms", "03. Word Synonyms\03. Word Synonyms.csproj", "{F86E0D25-A2E3-434C-9FBA-8260D514BBA9}"
EndProject
Project("{FAE04EC0-301F-11D3-BF4B-00C04F79EFBC}") = "06. A Miner Task", "06. A Miner Task\06. A Miner Task.csproj", "{91F3BFB0-D82C-416D-8988-7E919AA79701}"
EndProject
Project("{FAE04EC0-301F-11D3-BF4B-00C04F79EFBC}") = "04. Word Filter", "04. Word Filter\04. Word Filter.csproj", "{86E0143A-C3D9-462D-A48E-0EF0FFDEFB34}"
EndProject
Project("{FAE04EC0-301F-11D3-BF4B-00C04F79EFBC}") = "07. Orders", "07. Orders\07. Orders.csproj", "{967F8761-331B-4844-9FD7-A1332EB8199B}"
EndProject
Global
	GlobalSection(SolutionConfigurationPlatforms) = preSolution
		Debug|Any CPU = Debug|Any CPU
		Release|Any CPU = Release|Any CPU
	EndGlobalSection
	GlobalSection(ProjectConfigurationPlatforms) = postSolution
		{56FEA84E-203D-486C-B337-F6E312A717FC}.Debug|Any CPU.ActiveCfg = Debug|Any CPU
		{56FEA84E-203D-486C-B337-F6E312A717FC}.Debug|Any CPU.Build.0 = Debug|Any CPU
		{56FEA84E-203D-486C-B337-F6E312A717FC}.Release|Any CPU.ActiveCfg = Release|Any CPU
		{56FEA84E-203D-486C-B337-F6E312A717FC}.Release|Any CPU.Build.0 = Release|Any CPU
		{53DEFFC6-34F7-4335-8F8F-F75CE89D9378}.Debug|Any CPU.ActiveCfg = Debug|Any CPU
		{53DEFFC6-34F7-4335-8F8F-F75CE89D9378}.Debug|Any CPU.Build.0 = Debug|Any CPU
		{53DEFFC6-34F7-4335-8F8F-F75CE89D9378}.Release|Any CPU.ActiveCfg = Release|Any CPU
		{53DEFFC6-34F7-4335-8F8F-F75CE89D9378}.Release|Any CPU.Build.0 = Release|Any CPU
		{948D2123-0359-4D5F-91C4-8D4A47824935}.Debug|Any CPU.ActiveCfg = Debug|Any CPU
		{948D2123-0359-4D5F-91C4-8D4A47824935}.Debug|Any CPU.Build.0 = Debug|Any CPU
		{948D2123-0359-4D5F-91C4-8D4A47824935}.Release|Any CPU.ActiveCfg = Release|Any CPU
		{948D2123-0359-4D5F-91C4-8D4A47824935}.Release|Any CPU.Build.0 = Release|Any CPU
		{F86E0D25-A2E3-434C-9FBA-8260D514BBA9}.Debug|Any CPU.ActiveCfg = Debug|Any CPU
		{F86E0D25-A2E3-434C-9FBA-8260D514BBA9}.Debug|Any CPU.Build.0 = Debug|Any CPU
		{F86E0D25-A2E3-434C-9FBA-8260D514BBA9}.Release|Any CPU.ActiveCfg = Release|Any CPU
		{F86E0D25-A2E3-434C-9FBA-8260D514BBA9}.Release|Any CPU.Build.0 = Release|Any CPU
		{91F3BFB0-D82C-416D-8988-7E919AA79701}.Debug|Any CPU.ActiveCfg = Debug|Any CPU
		{91F3BFB0-D82C-416D-8988-7E919AA79701}.Debug|Any CPU.Build.0 = Debug|Any CPU
		{91F3BFB0-D82C-416D-8988-7E919AA79701}.Release|Any CPU.ActiveCfg = Release|Any CPU
		{91F3BFB0-D82C-416D-8988-7E919AA79701}.Release|Any CPU.Build.0 = Release|Any CPU
		{86E0143A-C3D9-462D-A48E-0EF0FFDEFB34}.Debug|Any CPU.ActiveCfg = Debug|Any CPU
		{86E0143A-C3D9-462D-A48E-0EF0FFDEFB34}.Debug|Any CPU.Build.0 = Debug|Any CPU
		{86E0143A-C3D9-462D-A48E-0EF0FFDEFB34}.Release|Any CPU.ActiveCfg = Release|Any CPU
		{86E0143A-C3D9-462D-A48E-0EF0FFDEFB34}.Release|Any CPU.Build.0 = Release|Any CPU
		{967F8761-331B-4844-9FD7-A1332EB8199B}.Debug|Any CPU.ActiveCfg = Debug|Any CPU
		{967F8761-331B-4844-9FD7-A1332EB8199B}.Debug|Any CPU.Build.0 = Debug|Any CPU
		{967F8761-331B-4844-9FD7-A1332EB8199B}.Release|Any CPU.ActiveCfg = Release|Any CPU
		{967F8761-331B-4844-9FD7-A1332EB8199B}.Release|Any CPU.Build.0 = Release|Any CPU
	EndGlobalSection
	GlobalSection(SolutionProperties) = preSolution
		HideSolutionNode = FALSE
	EndGlobalSection
	GlobalSection(ExtensibilityGlobals) = postSolution
		SolutionGuid = {53F2010B-96DD-4F54-A2D3-A2EA4E70D2A7}
	EndGlobalSection
EndGlobal
